
Microsoft Visual Studio Solution File, Format Version 12.00
# Visual Studio Version 17
VisualStudioVersion = 17.0.31903.59
MinimumVisualStudioVersion = 10.0.40219.1
Project("{2150E333-8FDC-42A3-9474-1A3956D46DE8}") = "src", "src", "{827E0CD3-B72D-47B6-A68D-7590B98EB39B}"
EndProject
Project("{FAE04EC0-301F-11D3-BF4B-00C04F79EFBC}") = "Ilmek.Core", "src\Ilmek.Core\Ilmek.Core.csproj", "{ED9658A8-AE2C-4B23-A9BB-7580E561B51A}"
EndProject
Project("{FAE04EC0-301F-11D3-BF4B-00C04F79EFBC}") = "Ilmek.Core.Tests", "test\Ilmek.Core.Tests\Ilmek.Core.Tests.csproj", "{DA0809F9-A416-4549-A91E-2B501B0738A5}"
EndProject
Project("{FAE04EC0-301F-11D3-BF4B-00C04F79EFBC}") = "Ilmek.Examples", "examples\Ilmek.Examples\Ilmek.Examples.csproj", "{B7C4A497-1A5E-4B55-9229-77CA6ED86FF4}"
EndProject
Project("{FAE04EC0-301F-11D3-BF4B-00C04F79EFBC}") = "Ilmek.Checkpointer.Sqlite", "src\Ilmek.Checkpointer.Sqlite\Ilmek.Checkpointer.Sqlite.csproj", "{C2E526F8-1147-4547-BBCF-9DEAAD593B97}"
EndProject
Project("{FAE04EC0-301F-11D3-BF4B-00C04F79EFBC}") = "Ilmek.Checkpointer.Sqlite.Tests", "test\Ilmek.Checkpointer.Sqlite.Tests\Ilmek.Checkpointer.Sqlite.Tests.csproj", "{3E5E8B9D-B7FE-4D5F-9141-A43FE31F6CB8}"
EndProject
Global
	GlobalSection(SolutionConfigurationPlatforms) = preSolution
		Debug|Any CPU = Debug|Any CPU
		Debug|x64 = Debug|x64
		Debug|x86 = Debug|x86
		Release|Any CPU = Release|Any CPU
		Release|x64 = Release|x64
		Release|x86 = Release|x86
	EndGlobalSection
	GlobalSection(ProjectConfigurationPlatforms) = postSolution
		{ED9658A8-AE2C-4B23-A9BB-7580E561B51A}.Debug|Any CPU.ActiveCfg = Debug|Any CPU
		{ED9658A8-AE2C-4B23-A9BB-7580E561B51A}.Debug|Any CPU.Build.0 = Debug|Any CPU
		{ED9658A8-AE2C-4B23-A9BB-7580E561B51A}.Debug|x64.ActiveCfg = Debug|Any CPU
		{ED9658A8-AE2C-4B23-A9BB-7580E561B51A}.Debug|x64.Build.0 = Debug|Any CPU
		{ED9658A8-AE2C-4B23-A9BB-7580E561B51A}.Debug|x86.ActiveCfg = Debug|Any CPU
		{ED9658A8-AE2C-4B23-A9BB-7580E561B51A}.Debug|x86.Build.0 = Debug|Any CPU
		{ED9658A8-AE2C-4B23-A9BB-7580E561B51A}.Release|Any CPU.ActiveCfg = Release|Any CPU
		{ED9658A8-AE2C-4B23-A9BB-7580E561B51A}.Release|Any CPU.Build.0 = Release|Any CPU
		{ED9658A8-AE2C-4B23-A9BB-7580E561B51A}.Release|x64.ActiveCfg = Release|Any CPU
		{ED9658A8-AE2C-4B23-A9BB-7580E561B51A}.Release|x64.Build.0 = Release|Any CPU
		{ED9658A8-AE2C-4B23-A9BB-7580E561B51A}.Release|x86.ActiveCfg = Release|Any CPU
		{ED9658A8-AE2C-4B23-A9BB-7580E561B51A}.Release|x86.Build.0 = Release|Any CPU
		{DA0809F9-A416-4549-A91E-2B501B0738A5}.Debug|Any CPU.ActiveCfg = Debug|Any CPU
		{DA0809F9-A416-4549-A91E-2B501B0738A5}.Debug|Any CPU.Build.0 = Debug|Any CPU
		{DA0809F9-A416-4549-A91E-2B501B0738A5}.Debug|x64.ActiveCfg = Debug|Any CPU
		{DA0809F9-A416-4549-A91E-2B501B0738A5}.Debug|x64.Build.0 = Debug|Any CPU
		{DA0809F9-A416-4549-A91E-2B501B0738A5}.Debug|x86.ActiveCfg = Debug|Any CPU
		{DA0809F9-A416-4549-A91E-2B501B0738A5}.Debug|x86.Build.0 = Debug|Any CPU
		{DA0809F9-A416-4549-A91E-2B501B0738A5}.Release|Any CPU.ActiveCfg = Release|Any CPU
		{DA0809F9-A416-4549-A91E-2B501B0738A5}.Release|Any CPU.Build.0 = Release|Any CPU
		{DA0809F9-A416-4549-A91E-2B501B0738A5}.Release|x64.ActiveCfg = Release|Any CPU
		{DA0809F9-A416-4549-A91E-2B501B0738A5}.Release|x64.Build.0 = Release|Any CPU
		{DA0809F9-A416-4549-A91E-2B501B0738A5}.Release|x86.ActiveCfg = Release|Any CPU
		{DA0809F9-A416-4549-A91E-2B501B0738A5}.Release|x86.Build.0 = Release|Any CPU
		{B7C4A497-1A5E-4B55-9229-77CA6ED86FF4}.Debug|Any CPU.ActiveCfg = Debug|Any CPU
		{B7C4A497-1A5E-4B55-9229-77CA6ED86FF4}.Debug|Any CPU.Build.0 = Debug|Any CPU
		{B7C4A497-1A5E-4B55-9229-77CA6ED86FF4}.Debug|x64.ActiveCfg = Debug|Any CPU
		{B7C4A497-1A5E-4B55-9229-77CA6ED86FF4}.Debug|x64.Build.0 = Debug|Any CPU
		{B7C4A497-1A5E-4B55-9229-77CA6ED86FF4}.Debug|x86.ActiveCfg = Debug|Any CPU
		{B7C4A497-1A5E-4B55-9229-77CA6ED86FF4}.Debug|x86.Build.0 = Debug|Any CPU
		{B7C4A497-1A5E-4B55-9229-77CA6ED86FF4}.Release|Any CPU.ActiveCfg = Release|Any CPU
		{B7C4A497-1A5E-4B55-9229-77CA6ED86FF4}.Release|Any CPU.Build.0 = Release|Any CPU
		{B7C4A497-1A5E-4B55-9229-77CA6ED86FF4}.Release|x64.ActiveCfg = Release|Any CPU
		{B7C4A497-1A5E-4B55-9229-77CA6ED86FF4}.Release|x64.Build.0 = Release|Any CPU
		{B7C4A497-1A5E-4B55-9229-77CA6ED86FF4}.Release|x86.ActiveCfg = Release|Any CPU
		{B7C4A497-1A5E-4B55-9229-77CA6ED86FF4}.Release|x86.Build.0 = Release|Any CPU
		{C2E526F8-1147-4547-BBCF-9DEAAD593B97}.Debug|Any CPU.ActiveCfg = Debug|Any CPU
		{C2E526F8-1147-4547-BBCF-9DEAAD593B97}.Debug|Any CPU.Build.0 = Debug|Any CPU
		{C2E526F8-1147-4547-BBCF-9DEAAD593B97}.Debug|x64.ActiveCfg = Debug|Any CPU
		{C2E526F8-1147-4547-BBCF-9DEAAD593B97}.Debug|x64.Build.0 = Debug|Any CPU
		{C2E526F8-1147-4547-BBCF-9DEAAD593B97}.Debug|x86.ActiveCfg = Debug|Any CPU
		{C2E526F8-1147-4547-BBCF-9DEAAD593B97}.Debug|x86.Build.0 = Debug|Any CPU
		{C2E526F8-1147-4547-BBCF-9DEAAD593B97}.Release|Any CPU.ActiveCfg = Release|Any CPU
		{C2E526F8-1147-4547-BBCF-9DEAAD593B97}.Release|Any CPU.Build.0 = Release|Any CPU
		{C2E526F8-1147-4547-BBCF-9DEAAD593B97}.Release|x64.ActiveCfg = Release|Any CPU
		{C2E526F8-1147-4547-BBCF-9DEAAD593B97}.Release|x64.Build.0 = Release|Any CPU
		{C2E526F8-1147-4547-BBCF-9DEAAD593B97}.Release|x86.ActiveCfg = Release|Any CPU
		{C2E526F8-1147-4547-BBCF-9DEAAD593B97}.Release|x86.Build.0 = Release|Any CPU
		{3E5E8B9D-B7FE-4D5F-9141-A43FE31F6CB8}.Debug|Any CPU.ActiveCfg = Debug|Any CPU
		{3E5E8B9D-B7FE-4D5F-9141-A43FE31F6CB8}.Debug|Any CPU.Build.0 = Debug|Any CPU
		{3E5E8B9D-B7FE-4D5F-9141-A43FE31F6CB8}.Debug|x64.ActiveCfg = Debug|Any CPU
		{3E5E8B9D-B7FE-4D5F-9141-A43FE31F6CB8}.Debug|x64.Build.0 = Debug|Any CPU
		{3E5E8B9D-B7FE-4D5F-9141-A43FE31F6CB8}.Debug|x86.ActiveCfg = Debug|Any CPU
		{3E5E8B9D-B7FE-4D5F-9141-A43FE31F6CB8}.Debug|x86.Build.0 = Debug|Any CPU
		{3E5E8B9D-B7FE-4D5F-9141-A43FE31F6CB8}.Release|Any CPU.ActiveCfg = Release|Any CPU
		{3E5E8B9D-B7FE-4D5F-9141-A43FE31F6CB8}.Release|Any CPU.Build.0 = Release|Any CPU
		{3E5E8B9D-B7FE-4D5F-9141-A43FE31F6CB8}.Release|x64.ActiveCfg = Release|Any CPU
		{3E5E8B9D-B7FE-4D5F-9141-A43FE31F6CB8}.Release|x64.Build.0 = Release|Any CPU
		{3E5E8B9D-B7FE-4D5F-9141-A43FE31F6CB8}.Release|x86.ActiveCfg = Release|Any CPU
		{3E5E8B9D-B7FE-4D5F-9141-A43FE31F6CB8}.Release|x86.Build.0 = Release|Any CPU
	EndGlobalSection
	GlobalSection(SolutionProperties) = preSolution
		HideSolutionNode = FALSE
	EndGlobalSection
	GlobalSection(NestedProjects) = preSolution
		{ED9658A8-AE2C-4B23-A9BB-7580E561B51A} = {827E0CD3-B72D-47B6-A68D-7590B98EB39B}
		{DA0809F9-A416-4549-A91E-2B501B0738A5} = {827E0CD3-B72D-47B6-A68D-7590B98EB39B}
		{B7C4A497-1A5E-4B55-9229-77CA6ED86FF4} = {827E0CD3-B72D-47B6-A68D-7590B98EB39B}
		{C2E526F8-1147-4547-BBCF-9DEAAD593B97} = {827E0CD3-B72D-47B6-A68D-7590B98EB39B}
		{3E5E8B9D-B7FE-4D5F-9141-A43FE31F6CB8} = {827E0CD3-B72D-47B6-A68D-7590B98EB39B}
	EndGlobalSection
EndGlobal
